
Microsoft Visual Studio Solution File, Format Version 12.00
# Visual Studio 14
VisualStudioVersion = 14.0.23107.0
MinimumVisualStudioVersion = 10.0.40219.1
Project("{FAE04EC0-301F-11D3-BF4B-00C04F79EFBC}") = "Q42.RijksmuseumApi", "Q42.RijksmuseumApi\Q42.RijksmuseumApi.csproj", "{C6AAF468-F85B-4B06-BD95-5EA76F9FAC14}"
EndProject
Project("{FAE04EC0-301F-11D3-BF4B-00C04F79EFBC}") = "Q42.RijksmuseumApi.Tests", "Q42.RijksmuseumApi.Tests\Q42.RijksmuseumApi.Tests.csproj", "{1A82D260-0486-4C3B-B095-5D54E7868723}"
EndProject
Project("{2150E333-8FDC-42A3-9474-1A3956D46DE8}") = ".nuget", ".nuget", "{DF49C8EE-084E-4249-A521-5F9DEB7C1F2D}"
	ProjectSection(SolutionItems) = preProject
		.nuget\NuGet.Config = .nuget\NuGet.Config
		.nuget\NuGet.exe = .nuget\NuGet.exe
		.nuget\NuGet.targets = .nuget\NuGet.targets
	EndProjectSection
EndProject
Project("{FAE04EC0-301F-11D3-BF4B-00C04F79EFBC}") = "Q42.RijksmuseumApi.Portable", "Q42.RijksmuseumApi.Portable\Q42.RijksmuseumApi.Portable.csproj", "{C12E19C9-A48B-4E1B-8463-7F80D779E73C}"
EndProject
Project("{FAE04EC0-301F-11D3-BF4B-00C04F79EFBC}") = "Q42.RijksmuseumApi.Portable.Tests", "Q42.RijksmuseumApi.Portable.Tests\Q42.RijksmuseumApi.Portable.Tests.csproj", "{BD008C7E-9676-4E5A-B8F4-637EC91233F2}"
EndProject
Global
	GlobalSection(SolutionConfigurationPlatforms) = preSolution
		Debug|Any CPU = Debug|Any CPU
		Debug|ARM = Debug|ARM
		Debug|x64 = Debug|x64
		Debug|x86 = Debug|x86
		Release|Any CPU = Release|Any CPU
		Release|ARM = Release|ARM
		Release|x64 = Release|x64
		Release|x86 = Release|x86
	EndGlobalSection
	GlobalSection(ProjectConfigurationPlatforms) = postSolution
		{C6AAF468-F85B-4B06-BD95-5EA76F9FAC14}.Debug|Any CPU.ActiveCfg = Debug|Any CPU
		{C6AAF468-F85B-4B06-BD95-5EA76F9FAC14}.Debug|Any CPU.Build.0 = Debug|Any CPU
		{C6AAF468-F85B-4B06-BD95-5EA76F9FAC14}.Debug|ARM.ActiveCfg = Debug|Any CPU
		{C6AAF468-F85B-4B06-BD95-5EA76F9FAC14}.Debug|ARM.Build.0 = Debug|Any CPU
		{C6AAF468-F85B-4B06-BD95-5EA76F9FAC14}.Debug|x64.ActiveCfg = Debug|Any CPU
		{C6AAF468-F85B-4B06-BD95-5EA76F9FAC14}.Debug|x64.Build.0 = Debug|Any CPU
		{C6AAF468-F85B-4B06-BD95-5EA76F9FAC14}.Debug|x86.ActiveCfg = Debug|Any CPU
		{C6AAF468-F85B-4B06-BD95-5EA76F9FAC14}.Debug|x86.Build.0 = Debug|Any CPU
		{C6AAF468-F85B-4B06-BD95-5EA76F9FAC14}.Release|Any CPU.ActiveCfg = Release|Any CPU
		{C6AAF468-F85B-4B06-BD95-5EA76F9FAC14}.Release|Any CPU.Build.0 = Release|Any CPU
		{C6AAF468-F85B-4B06-BD95-5EA76F9FAC14}.Release|ARM.ActiveCfg = Release|Any CPU
		{C6AAF468-F85B-4B06-BD95-5EA76F9FAC14}.Release|ARM.Build.0 = Release|Any CPU
		{C6AAF468-F85B-4B06-BD95-5EA76F9FAC14}.Release|x64.ActiveCfg = Release|Any CPU
		{C6AAF468-F85B-4B06-BD95-5EA76F9FAC14}.Release|x64.Build.0 = Release|Any CPU
		{C6AAF468-F85B-4B06-BD95-5EA76F9FAC14}.Release|x86.ActiveCfg = Release|Any CPU
		{C6AAF468-F85B-4B06-BD95-5EA76F9FAC14}.Release|x86.Build.0 = Release|Any CPU
		{1A82D260-0486-4C3B-B095-5D54E7868723}.Debug|Any CPU.ActiveCfg = Debug|Any CPU
		{1A82D260-0486-4C3B-B095-5D54E7868723}.Debug|Any CPU.Build.0 = Debug|Any CPU
		{1A82D260-0486-4C3B-B095-5D54E7868723}.Debug|ARM.ActiveCfg = Debug|Any CPU
		{1A82D260-0486-4C3B-B095-5D54E7868723}.Debug|ARM.Build.0 = Debug|Any CPU
		{1A82D260-0486-4C3B-B095-5D54E7868723}.Debug|x64.ActiveCfg = Debug|Any CPU
		{1A82D260-0486-4C3B-B095-5D54E7868723}.Debug|x64.Build.0 = Debug|Any CPU
		{1A82D260-0486-4C3B-B095-5D54E7868723}.Debug|x86.ActiveCfg = Debug|Any CPU
		{1A82D260-0486-4C3B-B095-5D54E7868723}.Debug|x86.Build.0 = Debug|Any CPU
		{1A82D260-0486-4C3B-B095-5D54E7868723}.Release|Any CPU.ActiveCfg = Release|Any CPU
		{1A82D260-0486-4C3B-B095-5D54E7868723}.Release|Any CPU.Build.0 = Release|Any CPU
		{1A82D260-0486-4C3B-B095-5D54E7868723}.Release|ARM.ActiveCfg = Release|Any CPU
		{1A82D260-0486-4C3B-B095-5D54E7868723}.Release|ARM.Build.0 = Release|Any CPU
		{1A82D260-0486-4C3B-B095-5D54E7868723}.Release|x64.ActiveCfg = Release|Any CPU
		{1A82D260-0486-4C3B-B095-5D54E7868723}.Release|x64.Build.0 = Release|Any CPU
		{1A82D260-0486-4C3B-B095-5D54E7868723}.Release|x86.ActiveCfg = Release|Any CPU
		{1A82D260-0486-4C3B-B095-5D54E7868723}.Release|x86.Build.0 = Release|Any CPU
		{C12E19C9-A48B-4E1B-8463-7F80D779E73C}.Debug|Any CPU.ActiveCfg = Debug|Any CPU
		{C12E19C9-A48B-4E1B-8463-7F80D779E73C}.Debug|Any CPU.Build.0 = Debug|Any CPU
		{C12E19C9-A48B-4E1B-8463-7F80D779E73C}.Debug|ARM.ActiveCfg = Debug|Any CPU
		{C12E19C9-A48B-4E1B-8463-7F80D779E73C}.Debug|ARM.Build.0 = Debug|Any CPU
		{C12E19C9-A48B-4E1B-8463-7F80D779E73C}.Debug|x64.ActiveCfg = Debug|Any CPU
		{C12E19C9-A48B-4E1B-8463-7F80D779E73C}.Debug|x64.Build.0 = Debug|Any CPU
		{C12E19C9-A48B-4E1B-8463-7F80D779E73C}.Debug|x86.ActiveCfg = Debug|Any CPU
		{C12E19C9-A48B-4E1B-8463-7F80D779E73C}.Debug|x86.Build.0 = Debug|Any CPU
		{C12E19C9-A48B-4E1B-8463-7F80D779E73C}.Release|Any CPU.ActiveCfg = Release|Any CPU
		{C12E19C9-A48B-4E1B-8463-7F80D779E73C}.Release|Any CPU.Build.0 = Release|Any CPU
		{C12E19C9-A48B-4E1B-8463-7F80D779E73C}.Release|ARM.ActiveCfg = Release|Any CPU
		{C12E19C9-A48B-4E1B-8463-7F80D779E73C}.Release|ARM.Build.0 = Release|Any CPU
		{C12E19C9-A48B-4E1B-8463-7F80D779E73C}.Release|x64.ActiveCfg = Release|Any CPU
		{C12E19C9-A48B-4E1B-8463-7F80D779E73C}.Release|x64.Build.0 = Release|Any CPU
		{C12E19C9-A48B-4E1B-8463-7F80D779E73C}.Release|x86.ActiveCfg = Release|Any CPU
		{C12E19C9-A48B-4E1B-8463-7F80D779E73C}.Release|x86.Build.0 = Release|Any CPU
		{BD008C7E-9676-4E5A-B8F4-637EC91233F2}.Debug|Any CPU.ActiveCfg = Debug|Any CPU
		{BD008C7E-9676-4E5A-B8F4-637EC91233F2}.Debug|Any CPU.Build.0 = Debug|Any CPU
		{BD008C7E-9676-4E5A-B8F4-637EC91233F2}.Debug|ARM.ActiveCfg = Debug|Any CPU
		{BD008C7E-9676-4E5A-B8F4-637EC91233F2}.Debug|ARM.Build.0 = Debug|Any CPU
		{BD008C7E-9676-4E5A-B8F4-637EC91233F2}.Debug|x64.ActiveCfg = Debug|Any CPU
		{BD008C7E-9676-4E5A-B8F4-637EC91233F2}.Debug|x64.Build.0 = Debug|Any CPU
		{BD008C7E-9676-4E5A-B8F4-637EC91233F2}.Debug|x86.ActiveCfg = Debug|Any CPU
		{BD008C7E-9676-4E5A-B8F4-637EC91233F2}.Debug|x86.Build.0 = Debug|Any CPU
		{BD008C7E-9676-4E5A-B8F4-637EC91233F2}.Release|Any CPU.ActiveCfg = Release|Any CPU
		{BD008C7E-9676-4E5A-B8F4-637EC91233F2}.Release|Any CPU.Build.0 = Release|Any CPU
		{BD008C7E-9676-4E5A-B8F4-637EC91233F2}.Release|ARM.ActiveCfg = Release|Any CPU
		{BD008C7E-9676-4E5A-B8F4-637EC91233F2}.Release|ARM.Build.0 = Release|Any CPU
		{BD008C7E-9676-4E5A-B8F4-637EC91233F2}.Release|x64.ActiveCfg = Release|Any CPU
		{BD008C7E-9676-4E5A-B8F4-637EC91233F2}.Release|x64.Build.0 = Release|Any CPU
		{BD008C7E-9676-4E5A-B8F4-637EC91233F2}.Release|x86.ActiveCfg = Release|Any CPU
		{BD008C7E-9676-4E5A-B8F4-637EC91233F2}.Release|x86.Build.0 = Release|Any CPU
	EndGlobalSection
	GlobalSection(SolutionProperties) = preSolution
		HideSolutionNode = FALSE
	EndGlobalSection
EndGlobal
